PODS:
  - YYKit (1.0.9):
    - YYKit/no-arc (= 1.0.9)
  - YYKit/no-arc (1.0.9)

DEPENDENCIES:
  - YYKit

SPEC REPOS:
  https://github.com/cocoapods/specs.git:
    - YYKit

SPEC CHECKSUMS:
  YYKit: 7cda43304a8dc3696c449041e2cb3107b4e236e7

PODFILE CHECKSUM: dcc3103611f8e56211802de4db6422039537c7a7

COCOAPODS: 1.5.3
